// !$*UTF8*$!
{
	archiveVersion = 1;
	classes = {
	};
	objectVersion = 55;
	objects = {

/* Begin PBXBuildFile section */
		98072FD7290EF832009BC59C /* AppDelegate.swift in Sources */ = {isa = PBXBuildFile; fileRef = 98072FD6290EF832009BC59C /* AppDelegate.swift */; };
		98072FD9290EF832009BC59C /* SceneDelegate.swift in Sources */ = {isa = PBXBuildFile; fileRef = 98072FD8290EF832009BC59C /* SceneDelegate.swift */; };
		98072FDE290EF832009BC59C /* Main.storyboard in Resources */ = {isa = PBXBuildFile; fileRef = 98072FDC290EF832009BC59C /* Main.storyboard */; };
		98072FE1290EF832009BC59C /* NewsApp_Viper.xcdatamodeld in Sources */ = {isa = PBXBuildFile; fileRef = 98072FDF290EF832009BC59C /* NewsApp_Viper.xcdatamodeld */; };
		98072FE3290EF836009BC59C /* Assets.xcassets in Resources */ = {isa = PBXBuildFile; fileRef = 98072FE2290EF836009BC59C /* Assets.xcassets */; };
		98072FE6290EF836009BC59C /* LaunchScreen.storyboard in Resources */ = {isa = PBXBuildFile; fileRef = 98072FE4290EF836009BC59C /* LaunchScreen.storyboard */; };
		98072FF4290EFBEA009BC59C /* HomeContract.swift in Sources */ = {isa = PBXBuildFile; fileRef = 98072FEF290EFBEA009BC59C /* HomeContract.swift */; };
		98072FF5290EFBEA009BC59C /* HomePresenter.swift in Sources */ = {isa = PBXBuildFile; fileRef = 98072FF0290EFBEA009BC59C /* HomePresenter.swift */; };
		98072FF6290EFBEA009BC59C /* HomeRouter.swift in Sources */ = {isa = PBXBuildFile; fileRef = 98072FF1290EFBEA009BC59C /* HomeRouter.swift */; };
		98072FF7290EFBEA009BC59C /* HomeViewController.swift in Sources */ = {isa = PBXBuildFile; fileRef = 98072FF2290EFBEA009BC59C /* HomeViewController.swift */; };
		98072FF8290EFBEA009BC59C /* HomeInteractor.swift in Sources */ = {isa = PBXBuildFile; fileRef = 98072FF3290EFBEA009BC59C /* HomeInteractor.swift */; };
		98072FFC290F0575009BC59C /* NewsCollectionViewCell.swift in Sources */ = {isa = PBXBuildFile; fileRef = 98072FFA290F0575009BC59C /* NewsCollectionViewCell.swift */; };
		98072FFD290F0575009BC59C /* NewsCollectionViewCell.xib in Resources */ = {isa = PBXBuildFile; fileRef = 98072FFB290F0575009BC59C /* NewsCollectionViewCell.xib */; };
		981F5B3B2913E304003C879B /* GoogleService-Info.plist in Resources */ = {isa = PBXBuildFile; fileRef = 981F5B3A2913E303003C879B /* GoogleService-Info.plist */; };
		9837E7112912980900449C11 /* CoreDataManager.swift in Sources */ = {isa = PBXBuildFile; fileRef = 9837E7102912980900449C11 /* CoreDataManager.swift */; };
		986DF74F291356CB007021F4 /* BookmarksContract.swift in Sources */ = {isa = PBXBuildFile; fileRef = 986DF74A291356CB007021F4 /* BookmarksContract.swift */; };
		986DF750291356CB007021F4 /* BookmarksPresenter.swift in Sources */ = {isa = PBXBuildFile; fileRef = 986DF74B291356CB007021F4 /* BookmarksPresenter.swift */; };
		986DF751291356CB007021F4 /* BookmarksRouter.swift in Sources */ = {isa = PBXBuildFile; fileRef = 986DF74C291356CB007021F4 /* BookmarksRouter.swift */; };
		986DF752291356CB007021F4 /* BookmarksViewController.swift in Sources */ = {isa = PBXBuildFile; fileRef = 986DF74D291356CB007021F4 /* BookmarksViewController.swift */; };
		986DF753291356CB007021F4 /* BookmarksInteractor.swift in Sources */ = {isa = PBXBuildFile; fileRef = 986DF74E291356CB007021F4 /* BookmarksInteractor.swift */; };
		9883894C2913D26F005839A4 /* BookmarksCollectionViewCell.swift in Sources */ = {isa = PBXBuildFile; fileRef = 9883894A2913D26F005839A4 /* BookmarksCollectionViewCell.swift */; };
		9883894D2913D26F005839A4 /* BookmarksCollectionViewCell.xib in Resources */ = {isa = PBXBuildFile; fileRef = 9883894B2913D26F005839A4 /* BookmarksCollectionViewCell.xib */; };
		9895173B2911D38700950E71 /* DetailContract.swift in Sources */ = {isa = PBXBuildFile; fileRef = 989517362911D38700950E71 /* DetailContract.swift */; };
		9895173C2911D38700950E71 /* DetailPresenter.swift in Sources */ = {isa = PBXBuildFile; fileRef = 989517372911D38700950E71 /* DetailPresenter.swift */; };
		9895173D2911D38700950E71 /* DetailRouter.swift in Sources */ = {isa = PBXBuildFile; fileRef = 989517382911D38700950E71 /* DetailRouter.swift */; };
		9895173E2911D38700950E71 /* DetailViewController.swift in Sources */ = {isa = PBXBuildFile; fileRef = 989517392911D38700950E71 /* DetailViewController.swift */; };
		9895173F2911D38700950E71 /* DetailInteractor.swift in Sources */ = {isa = PBXBuildFile; fileRef = 9895173A2911D38700950E71 /* DetailInteractor.swift */; };
		A3F14B65374DD8F61B93D93E /* Pods_NewsApp_Viper.framework in Frameworks */ = {isa = PBXBuildFile; fileRef = 4C9FE64FF1288C1409F0BE74 /* Pods_NewsApp_Viper.framework */; };
/* End PBXBuildFile section */

/* Begin PBXFileReference section */
		4C9FE64FF1288C1409F0BE74 /* Pods_NewsApp_Viper.framework */ = {isa = PBXFileReference; explicitFileType = wrapper.framework; includeInIndex = 0; path = Pods_NewsApp_Viper.framework; sourceTree = BUILT_PRODUCTS_DIR; };
		81AAEBCFCCA5590A8206271A /* Pods-NewsApp-Viper.release.xcconfig */ = {isa = PBXFileReference; includeInIndex = 1; lastKnownFileType = text.xcconfig; name = "Pods-NewsApp-Viper.release.xcconfig"; path = "Target Support Files/Pods-NewsApp-Viper/Pods-NewsApp-Viper.release.xcconfig"; sourceTree = "<group>"; };
		98072FD3290EF832009BC59C /* NewsApp-Viper.app */ = {isa = PBXFileReference; explicitFileType = wrapper.application; includeInIndex = 0; path = "NewsApp-Viper.app"; sourceTree = BUILT_PRODUCTS_DIR; };
		98072FD6290EF832009BC59C /* AppDelegate.swift */ = {isa = PBXFileReference; lastKnownFileType = sourcecode.swift; path = AppDelegate.swift; sourceTree = "<group>"; };
		98072FD8290EF832009BC59C /* SceneDelegate.swift */ = {isa = PBXFileReference; lastKnownFileType = sourcecode.swift; path = SceneDelegate.swift; sourceTree = "<group>"; };
		98072FDD290EF832009BC59C /* Base */ = {isa = PBXFileReference; lastKnownFileType = file.storyboard; name = Base; path = Base.lproj/Main.storyboard; sourceTree = "<group>"; };
		98072FE0290EF832009BC59C /* NewsApp_Viper.xcdatamodel */ = {isa = PBXFileReference; lastKnownFileType = wrapper.xcdatamodel; path = NewsApp_Viper.xcdatamodel; sourceTree = "<group>"; };
		98072FE2290EF836009BC59C /* Assets.xcassets */ = {isa = PBXFileReference; lastKnownFileType = folder.assetcatalog; path = Assets.xcassets; sourceTree = "<group>"; };
		98072FE5290EF836009BC59C /* Base */ = {isa = PBXFileReference; lastKnownFileType = file.storyboard; name = Base; path = Base.lproj/LaunchScreen.storyboard; sourceTree = "<group>"; };
		98072FE7290EF836009BC59C /* Info.plist */ = {isa = PBXFileReference; lastKnownFileType = text.plist.xml; path = Info.plist; sourceTree = "<group>"; };
		98072FEF290EFBEA009BC59C /* HomeContract.swift */ = {isa = PBXFileReference; lastKnownFileType = sourcecode.swift; path = HomeContract.swift; sourceTree = "<group>"; };
		98072FF0290EFBEA009BC59C /* HomePresenter.swift */ = {isa = PBXFileReference; lastKnownFileType = sourcecode.swift; path = HomePresenter.swift; sourceTree = "<group>"; };
		98072FF1290EFBEA009BC59C /* HomeRouter.swift */ = {isa = PBXFileReference; lastKnownFileType = sourcecode.swift; path = HomeRouter.swift; sourceTree = "<group>"; };
		98072FF2290EFBEA009BC59C /* HomeViewController.swift */ = {isa = PBXFileReference; lastKnownFileType = sourcecode.swift; path = HomeViewController.swift; sourceTree = "<group>"; };
		98072FF3290EFBEA009BC59C /* HomeInteractor.swift */ = {isa = PBXFileReference; lastKnownFileType = sourcecode.swift; path = HomeInteractor.swift; sourceTree = "<group>"; };
		98072FFA290F0575009BC59C /* NewsCollectionViewCell.swift */ = {isa = PBXFileReference; lastKnownFileType = sourcecode.swift; path = NewsCollectionViewCell.swift; sourceTree = "<group>"; };
		98072FFB290F0575009BC59C /* NewsCollectionViewCell.xib */ = {isa = PBXFileReference; lastKnownFileType = file.xib; path = NewsCollectionViewCell.xib; sourceTree = "<group>"; };
		981F5B3A2913E303003C879B /* GoogleService-Info.plist */ = {isa = PBXFileReference; fileEncoding = 4; lastKnownFileType = text.plist.xml; path = "GoogleService-Info.plist"; sourceTree = "<group>"; };
		9837E7102912980900449C11 /* CoreDataManager.swift */ = {isa = PBXFileReference; lastKnownFileType = sourcecode.swift; path = CoreDataManager.swift; sourceTree = "<group>"; };
		986DF74A291356CB007021F4 /* BookmarksContract.swift */ = {isa = PBXFileReference; lastKnownFileType = sourcecode.swift; path = BookmarksContract.swift; sourceTree = "<group>"; };
		986DF74B291356CB007021F4 /* BookmarksPresenter.swift */ = {isa = PBXFileReference; lastKnownFileType = sourcecode.swift; path = BookmarksPresenter.swift; sourceTree = "<group>"; };
		986DF74C291356CB007021F4 /* BookmarksRouter.swift */ = {isa = PBXFileReference; lastKnownFileType = sourcecode.swift; path = BookmarksRouter.swift; sourceTree = "<group>"; };
		986DF74D291356CB007021F4 /* BookmarksViewController.swift */ = {isa = PBXFileReference; lastKnownFileType = sourcecode.swift; path = BookmarksViewController.swift; sourceTree = "<group>"; };
		986DF74E291356CB007021F4 /* BookmarksInteractor.swift */ = {isa = PBXFileReference; lastKnownFileType = sourcecode.swift; path = BookmarksInteractor.swift; sourceTree = "<group>"; };
		9883894A2913D26F005839A4 /* BookmarksCollectionViewCell.swift */ = {isa = PBXFileReference; lastKnownFileType = sourcecode.swift; path = BookmarksCollectionViewCell.swift; sourceTree = "<group>"; };
		9883894B2913D26F005839A4 /* BookmarksCollectionViewCell.xib */ = {isa = PBXFileReference; lastKnownFileType = file.xib; path = BookmarksCollectionViewCell.xib; sourceTree = "<group>"; };
		989517362911D38700950E71 /* DetailContract.swift */ = {isa = PBXFileReference; lastKnownFileType = sourcecode.swift; path = DetailContract.swift; sourceTree = "<group>"; };
		989517372911D38700950E71 /* DetailPresenter.swift */ = {isa = PBXFileReference; lastKnownFileType = sourcecode.swift; path = DetailPresenter.swift; sourceTree = "<group>"; };
		989517382911D38700950E71 /* DetailRouter.swift */ = {isa = PBXFileReference; lastKnownFileType = sourcecode.swift; path = DetailRouter.swift; sourceTree = "<group>"; };
		989517392911D38700950E71 /* DetailViewController.swift */ = {isa = PBXFileReference; lastKnownFileType = sourcecode.swift; path = DetailViewController.swift; sourceTree = "<group>"; };
		9895173A2911D38700950E71 /* DetailInteractor.swift */ = {isa = PBXFileReference; lastKnownFileType = sourcecode.swift; path = DetailInteractor.swift; sourceTree = "<group>"; };
		EAC91937940265EEC7162FDF /* Pods-NewsApp-Viper.debug.xcconfig */ = {isa = PBXFileReference; includeInIndex = 1; lastKnownFileType = text.xcconfig; name = "Pods-NewsApp-Viper.debug.xcconfig"; path = "Target Support Files/Pods-NewsApp-Viper/Pods-NewsApp-Viper.debug.xcconfig"; sourceTree = "<group>"; };
/* End PBXFileReference section */

/* Begin PBXFrameworksBuildPhase section */
		98072FD0290EF832009BC59C /* Frameworks */ = {
			isa = PBXFrameworksBuildPhase;
			buildActionMask = 2147483647;
			files = (
				A3F14B65374DD8F61B93D93E /* Pods_NewsApp_Viper.framework in Frameworks */,
			);
			runOnlyForDeploymentPostprocessing = 0;
		};
/* End PBXFrameworksBuildPhase section */

/* Begin PBXGroup section */
		3BBF030A924995D0D5379AFB /* Frameworks */ = {
			isa = PBXGroup;
			children = (
				4C9FE64FF1288C1409F0BE74 /* Pods_NewsApp_Viper.framework */,
			);
			name = Frameworks;
			sourceTree = "<group>";
		};
		98072FCA290EF831009BC59C = {
			isa = PBXGroup;
			children = (
				98072FD5290EF832009BC59C /* NewsApp-Viper */,
				98072FD4290EF832009BC59C /* Products */,
				DA12F73E819AC64A00997F3C /* Pods */,
				3BBF030A924995D0D5379AFB /* Frameworks */,
			);
			sourceTree = "<group>";
		};
		98072FD4290EF832009BC59C /* Products */ = {
			isa = PBXGroup;
			children = (
				98072FD3290EF832009BC59C /* NewsApp-Viper.app */,
			);
			name = Products;
			sourceTree = "<group>";
		};
		98072FD5290EF832009BC59C /* NewsApp-Viper */ = {
			isa = PBXGroup;
			children = (
				986DF74929135667007021F4 /* BookmarksModule */,
				989517352911D36B00950E71 /* DetailModule */,
				98072FEE290EFBCE009BC59C /* HomeModule */,
				98072FED290EFB6A009BC59C /* App */,
				98072FDC290EF832009BC59C /* Main.storyboard */,
				98072FE2290EF836009BC59C /* Assets.xcassets */,
				98072FE4290EF836009BC59C /* LaunchScreen.storyboard */,
				98072FE7290EF836009BC59C /* Info.plist */,
				98072FDF290EF832009BC59C /* NewsApp_Viper.xcdatamodeld */,
				981F5B3A2913E303003C879B /* GoogleService-Info.plist */,
			);
			path = "NewsApp-Viper";
			sourceTree = "<group>";
		};
		98072FED290EFB6A009BC59C /* App */ = {
			isa = PBXGroup;
			children = (
				98072FD6290EF832009BC59C /* AppDelegate.swift */,
				98072FD8290EF832009BC59C /* SceneDelegate.swift */,
				9837E7102912980900449C11 /* CoreDataManager.swift */,
			);
			path = App;
			sourceTree = "<group>";
		};
		98072FEE290EFBCE009BC59C /* HomeModule */ = {
			isa = PBXGroup;
			children = (
				98072FF9290F042E009BC59C /* Cell */,
				98072FEF290EFBEA009BC59C /* HomeContract.swift */,
				98072FF0290EFBEA009BC59C /* HomePresenter.swift */,
				98072FF1290EFBEA009BC59C /* HomeRouter.swift */,
				98072FF2290EFBEA009BC59C /* HomeViewController.swift */,
				98072FF3290EFBEA009BC59C /* HomeInteractor.swift */,
			);
			path = HomeModule;
			sourceTree = "<group>";
		};
		98072FF9290F042E009BC59C /* Cell */ = {
			isa = PBXGroup;
			children = (
				98072FFA290F0575009BC59C /* NewsCollectionViewCell.swift */,
				98072FFB290F0575009BC59C /* NewsCollectionViewCell.xib */,
			);
			path = Cell;
			sourceTree = "<group>";
		};
		986DF74929135667007021F4 /* BookmarksModule */ = {
			isa = PBXGroup;
			children = (
				988389492913D253005839A4 /* Cell */,
				986DF74A291356CB007021F4 /* BookmarksContract.swift */,
				986DF74B291356CB007021F4 /* BookmarksPresenter.swift */,
				986DF74C291356CB007021F4 /* BookmarksRouter.swift */,
				986DF74D291356CB007021F4 /* BookmarksViewController.swift */,
				986DF74E291356CB007021F4 /* BookmarksInteractor.swift */,
			);
			path = BookmarksModule;
			sourceTree = "<group>";
		};
		988389492913D253005839A4 /* Cell */ = {
			isa = PBXGroup;
			children = (
				9883894A2913D26F005839A4 /* BookmarksCollectionViewCell.swift */,
				9883894B2913D26F005839A4 /* BookmarksCollectionViewCell.xib */,
			);
			path = Cell;
			sourceTree = "<group>";
		};
		989517352911D36B00950E71 /* DetailModule */ = {
			isa = PBXGroup;
			children = (
				989517362911D38700950E71 /* DetailContract.swift */,
				989517372911D38700950E71 /* DetailPresenter.swift */,
				989517382911D38700950E71 /* DetailRouter.swift */,
				989517392911D38700950E71 /* DetailViewController.swift */,
				9895173A2911D38700950E71 /* DetailInteractor.swift */,
			);
			path = DetailModule;
			sourceTree = "<group>";
		};
		DA12F73E819AC64A00997F3C /* Pods */ = {
			isa = PBXGroup;
			children = (
				EAC91937940265EEC7162FDF /* Pods-NewsApp-Viper.debug.xcconfig */,
				81AAEBCFCCA5590A8206271A /* Pods-NewsApp-Viper.release.xcconfig */,
			);
			path = Pods;
			sourceTree = "<group>";
		};
/* End PBXGroup section */

/* Begin PBXNativeTarget section */
		98072FD2290EF832009BC59C /* NewsApp-Viper */ = {
			isa = PBXNativeTarget;
			buildConfigurationList = 98072FEA290EF836009BC59C /* Build configuration list for PBXNativeTarget "NewsApp-Viper" */;
			buildPhases = (
				CC5434157518450BD6C03F2D /* [CP] Check Pods Manifest.lock */,
				98072FCF290EF832009BC59C /* Sources */,
				98072FD0290EF832009BC59C /* Frameworks */,
				98072FD1290EF832009BC59C /* Resources */,
				9B7555CB2B75837F0CE345F1 /* [CP] Embed Pods Frameworks */,
			);
			buildRules = (
			);
			dependencies = (
			);
			name = "NewsApp-Viper";
			productName = "NewsApp-Viper";
			productReference = 98072FD3290EF832009BC59C /* NewsApp-Viper.app */;
			productType = "com.apple.product-type.application";
		};
/* End PBXNativeTarget section */

/* Begin PBXProject section */
		98072FCB290EF831009BC59C /* Project object */ = {
			isa = PBXProject;
			attributes = {
				BuildIndependentTargetsInParallel = 1;
				LastSwiftUpdateCheck = 1340;
				LastUpgradeCheck = 1340;
				TargetAttributes = {
					98072FD2290EF832009BC59C = {
						CreatedOnToolsVersion = 13.4;
					};
				};
			};
			buildConfigurationList = 98072FCE290EF831009BC59C /* Build configuration list for PBXProject "NewsApp-Viper" */;
			compatibilityVersion = "Xcode 13.0";
			developmentRegion = en;
			hasScannedForEncodings = 0;
			knownRegions = (
				en,
				Base,
			);
			mainGroup = 98072FCA290EF831009BC59C;
			productRefGroup = 98072FD4290EF832009BC59C /* Products */;
			projectDirPath = "";
			projectRoot = "";
			targets = (
				98072FD2290EF832009BC59C /* NewsApp-Viper */,
			);
		};
/* End PBXProject section */

/* Begin PBXResourcesBuildPhase section */
		98072FD1290EF832009BC59C /* Resources */ = {
			isa = PBXResourcesBuildPhase;
			buildActionMask = 2147483647;
			files = (
				98072FE6290EF836009BC59C /* LaunchScreen.storyboard in Resources */,
				98072FE3290EF836009BC59C /* Assets.xcassets in Resources */,
				98072FDE290EF832009BC59C /* Main.storyboard in Resources */,
				9883894D2913D26F005839A4 /* BookmarksCollectionViewCell.xib in Resources */,
				98072FFD290F0575009BC59C /* NewsCollectionViewCell.xib in Resources */,
				981F5B3B2913E304003C879B /* GoogleService-Info.plist in Resources */,
			);
			runOnlyForDeploymentPostprocessing = 0;
		};
/* End PBXResourcesBuildPhase section */

/* Begin PBXShellScriptBuildPhase section */
		9B7555CB2B75837F0CE345F1 /* [CP] Embed Pods Frameworks */ = {
			isa = PBXShellScriptBuildPhase;
			buildActionMask = 2147483647;
			files = (
			);
			inputFileListPaths = (
				"${PODS_ROOT}/Target Support Files/Pods-NewsApp-Viper/Pods-NewsApp-Viper-frameworks-${CONFIGURATION}-input-files.xcfilelist",
			);
			name = "[CP] Embed Pods Frameworks";
			outputFileListPaths = (
				"${PODS_ROOT}/Target Support Files/Pods-NewsApp-Viper/Pods-NewsApp-Viper-frameworks-${CONFIGURATION}-output-files.xcfilelist",
			);
			runOnlyForDeploymentPostprocessing = 0;
			shellPath = /bin/sh;
			shellScript = "\"${PODS_ROOT}/Target Support Files/Pods-NewsApp-Viper/Pods-NewsApp-Viper-frameworks.sh\"\n";
			showEnvVarsInLog = 0;
		};
		CC5434157518450BD6C03F2D /* [CP] Check Pods Manifest.lock */ = {
			isa = PBXShellScriptBuildPhase;
			buildActionMask = 2147483647;
			files = (
			);
			inputFileListPaths = (
			);
			inputPaths = (
				"${PODS_PODFILE_DIR_PATH}/Podfile.lock",
				"${PODS_ROOT}/Manifest.lock",
			);
			name = "[CP] Check Pods Manifest.lock";
			outputFileListPaths = (
			);
			outputPaths = (
				"$(DERIVED_FILE_DIR)/Pods-NewsApp-Viper-checkManifestLockResult.txt",
			);
			runOnlyForDeploymentPostprocessing = 0;
			shellPath = /bin/sh;
			shellScript = "diff \"${PODS_PODFILE_DIR_PATH}/Podfile.lock\" \"${PODS_ROOT}/Manifest.lock\" > /dev/null\nif [ $? != 0 ] ; then\n    # print error to STDERR\n    echo \"error: The sandbox is not in sync with the Podfile.lock. Run 'pod install' or update your CocoaPods installation.\" >&2\n    exit 1\nfi\n# This output is used by Xcode 'outputs' to avoid re-running this script phase.\necho \"SUCCESS\" > \"${SCRIPT_OUTPUT_FILE_0}\"\n";
			showEnvVarsInLog = 0;
		};
/* End PBXShellScriptBuildPhase section */

/* Begin PBXSourcesBuildPhase section */
		98072FCF290EF832009BC59C /* Sources */ = {
			isa = PBXSourcesBuildPhase;
			buildActionMask = 2147483647;
			files = (
				9895173E2911D38700950E71 /* DetailViewController.swift in Sources */,
				986DF750291356CB007021F4 /* BookmarksPresenter.swift in Sources */,
				986DF751291356CB007021F4 /* BookmarksRouter.swift in Sources */,
				9895173B2911D38700950E71 /* DetailContract.swift in Sources */,
				98072FE1290EF832009BC59C /* NewsApp_Viper.xcdatamodeld in Sources */,
				9837E7112912980900449C11 /* CoreDataManager.swift in Sources */,
				98072FF6290EFBEA009BC59C /* HomeRouter.swift in Sources */,
				98072FF7290EFBEA009BC59C /* HomeViewController.swift in Sources */,
				986DF752291356CB007021F4 /* BookmarksViewController.swift in Sources */,
				9895173C2911D38700950E71 /* DetailPresenter.swift in Sources */,
				98072FF4290EFBEA009BC59C /* HomeContract.swift in Sources */,
				98072FF5290EFBEA009BC59C /* HomePresenter.swift in Sources */,
				986DF753291356CB007021F4 /* BookmarksInteractor.swift in Sources */,
				986DF74F291356CB007021F4 /* BookmarksContract.swift in Sources */,
				98072FF8290EFBEA009BC59C /* HomeInteractor.swift in Sources */,
				98072FD7290EF832009BC59C /* AppDelegate.swift in Sources */,
				9895173D2911D38700950E71 /* DetailRouter.swift in Sources */,
				9895173F2911D38700950E71 /* DetailInteractor.swift in Sources */,
				9883894C2913D26F005839A4 /* BookmarksCollectionViewCell.swift in Sources */,
				98072FFC290F0575009BC59C /* NewsCollectionViewCell.swift in Sources */,
				98072FD9290EF832009BC59C /* SceneDelegate.swift in Sources */,
			);
			runOnlyForDeploymentPostprocessing = 0;
		};
/* End PBXSourcesBuildPhase section */

/* Begin PBXVariantGroup section */
		98072FDC290EF832009BC59C /* Main.storyboard */ = {
			isa = PBXVariantGroup;
			children = (
				98072FDD290EF832009BC59C /* Base */,
			);
			name = Main.storyboard;
			sourceTree = "<group>";
		};
		98072FE4290EF836009BC59C /* LaunchScreen.storyboard */ = {
			isa = PBXVariantGroup;
			children = (
				98072FE5290EF836009BC59C /* Base */,
			);
			name = LaunchScreen.storyboard;
			sourceTree = "<group>";
		};
/* End PBXVariantGroup section */

/* Begin XCBuildConfiguration section */
		98072FE8290EF836009BC59C /* Debug */ = {
			isa = XCBuildConfiguration;
			buildSettings = {
				ALWAYS_SEARCH_USER_PATHS = NO;
				CLANG_ANALYZER_NONNULL = YES;
				CLANG_ANALYZER_NUMBER_OBJECT_CONVERSION = YES_AGGRESSIVE;
				CLANG_CXX_LANGUAGE_STANDARD = "gnu++17";
				CLANG_ENABLE_MODULES = YES;
				CLANG_ENABLE_OBJC_ARC = YES;
				CLANG_ENABLE_OBJC_WEAK = YES;
				CLANG_WARN_BLOCK_CAPTURE_AUTORELEASING = YES;
				CLANG_WARN_BOOL_CONVERSION = YES;
				CLANG_WARN_COMMA = YES;
				CLANG_WARN_CONSTANT_CONVERSION = YES;
				CLANG_WARN_DEPRECATED_OBJC_IMPLEMENTATIONS = YES;
				CLANG_WARN_DIRECT_OBJC_ISA_USAGE = YES_ERROR;
				CLANG_WARN_DOCUMENTATION_COMMENTS = YES;
				CLANG_WARN_EMPTY_BODY = YES;
				CLANG_WARN_ENUM_CONVERSION = YES;
				CLANG_WARN_INFINITE_RECURSION = YES;
				CLANG_WARN_INT_CONVERSION = YES;
				CLANG_WARN_NON_LITERAL_NULL_CONVERSION = YES;
				CLANG_WARN_OBJC_IMPLICIT_RETAIN_SELF = YES;
				CLANG_WARN_OBJC_LITERAL_CONVERSION = YES;
				CLANG_WARN_OBJC_ROOT_CLASS = YES_ERROR;
				CLANG_WARN_QUOTED_INCLUDE_IN_FRAMEWORK_HEADER = YES;
				CLANG_WARN_RANGE_LOOP_ANALYSIS = YES;
				CLANG_WARN_STRICT_PROTOTYPES = YES;
				CLANG_WARN_SUSPICIOUS_MOVE = YES;
				CLANG_WARN_UNGUARDED_AVAILABILITY = YES_AGGRESSIVE;
				CLANG_WARN_UNREACHABLE_CODE = YES;
				CLANG_WARN__DUPLICATE_METHOD_MATCH = YES;
				COPY_PHASE_STRIP = NO;
				DEBUG_INFORMATION_FORMAT = dwarf;
				ENABLE_STRICT_OBJC_MSGSEND = YES;
				ENABLE_TESTABILITY = YES;
				GCC_C_LANGUAGE_STANDARD = gnu11;
				GCC_DYNAMIC_NO_PIC = NO;
				GCC_NO_COMMON_BLOCKS = YES;
				GCC_OPTIMIZATION_LEVEL = 0;
				GCC_PREPROCESSOR_DEFINITIONS = (
					"DEBUG=1",
					"$(inherited)",
				);
				GCC_WARN_64_TO_32_BIT_CONVERSION = YES;
				GCC_WARN_ABOUT_RETURN_TYPE = YES_ERROR;
				GCC_WARN_UNDECLARED_SELECTOR = YES;
				GCC_WARN_UNINITIALIZED_AUTOS = YES_AGGRESSIVE;
				GCC_WARN_UNUSED_FUNCTION = YES;
				GCC_WARN_UNUSED_VARIABLE = YES;
				IPHONEOS_DEPLOYMENT_TARGET = 15.5;
				MTL_ENABLE_DEBUG_INFO = INCLUDE_SOURCE;
				MTL_FAST_MATH = YES;
				ONLY_ACTIVE_ARCH = YES;
				SDKROOT = iphoneos;
				SWIFT_ACTIVE_COMPILATION_CONDITIONS = DEBUG;
				SWIFT_OPTIMIZATION_LEVEL = "-Onone";
			};
			name = Debug;
		};
		98072FE9290EF836009BC59C /* Release */ = {
			isa = XCBuildConfiguration;
			buildSettings = {
				ALWAYS_SEARCH_USER_PATHS = NO;
				CLANG_ANALYZER_NONNULL = YES;
				CLANG_ANALYZER_NUMBER_OBJECT_CONVERSION = YES_AGGRESSIVE;
				CLANG_CXX_LANGUAGE_STANDARD = "gnu++17";
				CLANG_ENABLE_MODULES = YES;
				CLANG_ENABLE_OBJC_ARC = YES;
				CLANG_ENABLE_OBJC_WEAK = YES;
				CLANG_WARN_BLOCK_CAPTURE_AUTORELEASING = YES;
				CLANG_WARN_BOOL_CONVERSION = YES;
				CLANG_WARN_COMMA = YES;
				CLANG_WARN_CONSTANT_CONVERSION = YES;
				CLANG_WARN_DEPRECATED_OBJC_IMPLEMENTATIONS = YES;
				CLANG_WARN_DIRECT_OBJC_ISA_USAGE = YES_ERROR;
				CLANG_WARN_DOCUMENTATION_COMMENTS = YES;
				CLANG_WARN_EMPTY_BODY = YES;
				CLANG_WARN_ENUM_CONVERSION = YES;
				CLANG_WARN_INFINITE_RECURSION = YES;
				CLANG_WARN_INT_CONVERSION = YES;
				CLANG_WARN_NON_LITERAL_NULL_CONVERSION = YES;
				CLANG_WARN_OBJC_IMPLICIT_RETAIN_SELF = YES;
				CLANG_WARN_OBJC_LITERAL_CONVERSION = YES;
				CLANG_WARN_OBJC_ROOT_CLASS = YES_ERROR;
				CLANG_WARN_QUOTED_INCLUDE_IN_FRAMEWORK_HEADER = YES;
				CLANG_WARN_RANGE_LOOP_ANALYSIS = YES;
				CLANG_WARN_STRICT_PROTOTYPES = YES;
				CLANG_WARN_SUSPICIOUS_MOVE = YES;
				CLANG_WARN_UNGUARDED_AVAILABILITY = YES_AGGRESSIVE;
				CLANG_WARN_UNREACHABLE_CODE = YES;
				CLANG_WARN__DUPLICATE_METHOD_MATCH = YES;
				COPY_PHASE_STRIP = NO;
				DEBUG_INFORMATION_FORMAT = "dwarf-with-dsym";
				ENABLE_NS_ASSERTIONS = NO;
				ENABLE_STRICT_OBJC_MSGSEND = YES;
				GCC_C_LANGUAGE_STANDARD = gnu11;
				GCC_NO_COMMON_BLOCKS = YES;
				GCC_WARN_64_TO_32_BIT_CONVERSION = YES;
				GCC_WARN_ABOUT_RETURN_TYPE = YES_ERROR;
				GCC_WARN_UNDECLARED_SELECTOR = YES;
				GCC_WARN_UNINITIALIZED_AUTOS = YES_AGGRESSIVE;
				GCC_WARN_UNUSED_FUNCTION = YES;
				GCC_WARN_UNUSED_VARIABLE = YES;
				IPHONEOS_DEPLOYMENT_TARGET = 15.5;
				MTL_ENABLE_DEBUG_INFO = NO;
				MTL_FAST_MATH = YES;
				SDKROOT = iphoneos;
				SWIFT_COMPILATION_MODE = wholemodule;
				SWIFT_OPTIMIZATION_LEVEL = "-O";
				VALIDATE_PRODUCT = YES;
			};
			name = Release;
		};
		98072FEB290EF836009BC59C /* Debug */ = {
			isa = XCBuildConfiguration;
			baseConfigurationReference = EAC91937940265EEC7162FDF /* Pods-NewsApp-Viper.debug.xcconfig */;
			buildSettings = {
				ASSETCATALOG_COMPILER_APPICON_NAME = AppIcon;
				ASSETCATALOG_COMPILER_GLOBAL_ACCENT_COLOR_NAME = AccentColor;
				CODE_SIGN_STYLE = Automatic;
				CURRENT_PROJECT_VERSION = 1;
				DEVELOPMENT_TEAM = A3LU4KVXCV;
				GENERATE_INFOPLIST_FILE = YES;
				INFOPLIST_FILE = "NewsApp-Viper/Info.plist";
				INFOPLIST_KEY_UIApplicationSupportsIndirectInputEvents = YES;
				INFOPLIST_KEY_UILaunchStoryboardName = LaunchScreen;
				INFOPLIST_KEY_UIMainStoryboardFile = Main;
				INFOPLIST_KEY_UISupportedInterfaceOrientations_iPad = "UIInterfaceOrientationPortrait UIInterfaceOrientationPortraitUpsideDown UIInterfaceOrientationLandscapeLeft UIInterfaceOrientationLandscapeRight";
				INFOPLIST_KEY_UISupportedInterfaceOrientations_iPhone = "UIInterfaceOrientationPortrait UIInterfaceOrientationLandscapeLeft UIInterfaceOrientationLandscapeRight";
				LD_RUNPATH_SEARCH_PATHS = (
					"$(inherited)",
					"@executable_path/Frameworks",
				);
				MARKETING_VERSION = 1.0;
				PRODUCT_BUNDLE_IDENTIFIER = "com.ayberkmogol.NewsApp-Viper";
				PRODUCT_NAME = "$(TARGET_NAME)";
				SWIFT_EMIT_LOC_STRINGS = YES;
				SWIFT_VERSION = 5.0;
				TARGETED_DEVICE_FAMILY = "1,2";
			};
			name = Debug;
		};
		98072FEC290EF836009BC59C /* Release */ = {
			isa = XCBuildConfiguration;
			baseConfigurationReference = 81AAEBCFCCA5590A8206271A /* Pods-NewsApp-Viper.release.xcconfig */;
			buildSettings = {
				ASSETCATALOG_COMPILER_APPICON_NAME = AppIcon;
				ASSETCATALOG_COMPILER_GLOBAL_ACCENT_COLOR_NAME = AccentColor;
				CODE_SIGN_STYLE = Automatic;
				CURRENT_PROJECT_VERSION = 1;
				DEVELOPMENT_TEAM = A3LU4KVXCV;
				GENERATE_INFOPLIST_FILE = YES;
				INFOPLIST_FILE = "NewsApp-Viper/Info.plist";
				INFOPLIST_KEY_UIApplicationSupportsIndirectInputEvents = YES;
				INFOPLIST_KEY_UILaunchStoryboardName = LaunchScreen;
				INFOPLIST_KEY_UIMainStoryboardFile = Main;
				INFOPLIST_KEY_UISupportedInterfaceOrientations_iPad = "UIInterfaceOrientationPortrait UIInterfaceOrientationPortraitUpsideDown UIInterfaceOrientationLandscapeLeft UIInterfaceOrientationLandscapeRight";
				INFOPLIST_KEY_UISupportedInterfaceOrientations_iPhone = "UIInterfaceOrientationPortrait UIInterfaceOrientationLandscapeLeft UIInterfaceOrientationLandscapeRight";
				LD_RUNPATH_SEARCH_PATHS = (
					"$(inherited)",
					"@executable_path/Frameworks",
				);
				MARKETING_VERSION = 1.0;
				PRODUCT_BUNDLE_IDENTIFIER = "com.ayberkmogol.NewsApp-Viper";
				PRODUCT_NAME = "$(TARGET_NAME)";
				SWIFT_EMIT_LOC_STRINGS = YES;
				SWIFT_VERSION = 5.0;
				TARGETED_DEVICE_FAMILY = "1,2";
			};
			name = Release;
		};
/* End XCBuildConfiguration section */

/* Begin XCConfigurationList section */
		98072FCE290EF831009BC59C /* Build configuration list for PBXProject "NewsApp-Viper" */ = {
			isa = XCConfigurationList;
			buildConfigurations = (
				98072FE8290EF836009BC59C /* Debug */,
				98072FE9290EF836009BC59C /* Release */,
			);
			defaultConfigurationIsVisible = 0;
			defaultConfigurationName = Release;
		};
		98072FEA290EF836009BC59C /* Build configuration list for PBXNativeTarget "NewsApp-Viper" */ = {
			isa = XCConfigurationList;
			buildConfigurations = (
				98072FEB290EF836009BC59C /* Debug */,
				98072FEC290EF836009BC59C /* Release */,
			);
			defaultConfigurationIsVisible = 0;
			defaultConfigurationName = Release;
		};
/* End XCConfigurationList section */

/* Begin XCVersionGroup section */
		98072FDF290EF832009BC59C /* NewsApp_Viper.xcdatamodeld */ = {
			isa = XCVersionGroup;
			children = (
				98072FE0290EF832009BC59C /* NewsApp_Viper.xcdatamodel */,
			);
			currentVersion = 98072FE0290EF832009BC59C /* NewsApp_Viper.xcdatamodel */;
			path = NewsApp_Viper.xcdatamodeld;
			sourceTree = "<group>";
			versionGroupType = wrapper.xcdatamodel;
		};
/* End XCVersionGroup section */
	};
	rootObject = 98072FCB290EF831009BC59C /* Project object */;
}
